
Microsoft Visual Studio Solution File, Format Version 12.00
# Visual Studio Version 16
VisualStudioVersion = 16.0.30621.155
MinimumVisualStudioVersion = 10.0.40219.1
Project("{FAE04EC0-301F-11D3-BF4B-00C04F79EFBC}") = "BlazorApp", "BlazorApp\BlazorApp.csproj", "{8C6691CD-A4BF-403A-BD06-D20A6325B3D3}"
EndProject
Global
	GlobalSection(SolutionConfigurationPlatforms) = preSolution
		Debug|Any CPU = Debug|Any CPU
		Release|Any CPU = Release|Any CPU
	EndGlobalSection
	GlobalSection(ProjectConfigurationPlatforms) = postSolution
		{8C6691CD-A4BF-403A-BD06-D20A6325B3D3}.Debug|Any CPU.ActiveCfg = Debug|Any CPU
		{8C6691CD-A4BF-403A-BD06-D20A6325B3D3}.Debug|Any CPU.Build.0 = Debug|Any CPU
		{8C6691CD-A4BF-403A-BD06-D20A6325B3D3}.Release|Any CPU.ActiveCfg = Release|Any CPU
		{8C6691CD-A4BF-403A-BD06-D20A6325B3D3}.Release|Any CPU.Build.0 = Release|Any CPU
	EndGlobalSection
	GlobalSection(SolutionProperties) = preSolution
		HideSolutionNode = FALSE
	EndGlobalSection
	GlobalSection(ExtensibilityGlobals) = postSolution
		SolutionGuid = {A2DD521B-2CB5-4EB7-9432-CA72B9F47D17}
	EndGlobalSection
EndGlobal
